
Microsoft Visual Studio Solution File, Format Version 12.00
# Visual Studio 15
VisualStudioVersion = 15.0.28307.329
MinimumVisualStudioVersion = 10.0.40219.1
Project("{FAE04EC0-301F-11D3-BF4B-00C04F79EFBC}") = "Mokkivaraus", "Mokkivaraus\Mokkivaraus.csproj", "{64E4D9A8-92CF-492F-B47E-772B38D069CA}"
EndProject
Global
	GlobalSection(SolutionConfigurationPlatforms) = preSolution
		Debug|Any CPU = Debug|Any CPU
		Release|Any CPU = Release|Any CPU
	EndGlobalSection
	GlobalSection(ProjectConfigurationPlatforms) = postSolution
		{64E4D9A8-92CF-492F-B47E-772B38D069CA}.Debug|Any CPU.ActiveCfg = Debug|Any CPU
		{64E4D9A8-92CF-492F-B47E-772B38D069CA}.Debug|Any CPU.Build.0 = Debug|Any CPU
		{64E4D9A8-92CF-492F-B47E-772B38D069CA}.Release|Any CPU.ActiveCfg = Release|Any CPU
		{64E4D9A8-92CF-492F-B47E-772B38D069CA}.Release|Any CPU.Build.0 = Release|Any CPU
	EndGlobalSection
	GlobalSection(SolutionProperties) = preSolution
		HideSolutionNode = FALSE
	EndGlobalSection
	GlobalSection(ExtensibilityGlobals) = postSolution
		SolutionGuid = {5BD2E040-580E-4131-8631-20A93922980B}
	EndGlobalSection
EndGlobal
